
Microsoft Visual Studio Solution File, Format Version 12.00
# Visual Studio Version 16
VisualStudioVersion = 16.0.31205.134
MinimumVisualStudioVersion = 10.0.40219.1
Project("{FAE04EC0-301F-11D3-BF4B-00C04F79EFBC}") = "Entrada de dados", "Entrada de dados\Entrada de dados.csproj", "{478A89B5-1DA5-4BF9-99AA-85066DADE2DF}"
EndProject
Global
	GlobalSection(SolutionConfigurationPlatforms) = preSolution
		Debug|Any CPU = Debug|Any CPU
		Release|Any CPU = Release|Any CPU
	EndGlobalSection
	GlobalSection(ProjectConfigurationPlatforms) = postSolution
		{478A89B5-1DA5-4BF9-99AA-85066DADE2DF}.Debug|Any CPU.ActiveCfg = Debug|Any CPU
		{478A89B5-1DA5-4BF9-99AA-85066DADE2DF}.Debug|Any CPU.Build.0 = Debug|Any CPU
		{478A89B5-1DA5-4BF9-99AA-85066DADE2DF}.Release|Any CPU.ActiveCfg = Release|Any CPU
		{478A89B5-1DA5-4BF9-99AA-85066DADE2DF}.Release|Any CPU.Build.0 = Release|Any CPU
	EndGlobalSection
	GlobalSection(SolutionProperties) = preSolution
		HideSolutionNode = FALSE
	EndGlobalSection
	GlobalSection(ExtensibilityGlobals) = postSolution
		SolutionGuid = {21829315-341C-4806-A049-6C21406E58E3}
	EndGlobalSection
EndGlobal
